PODS:
  - DropDown (2.3.13)
  - LTSupportAutomotive (1.0)
  - SuneelTDKit (1.0.5):
    - DropDown
    - LTSupportAutomotive (~> 1.0)

DEPENDENCIES:
  - SuneelTDKit (from `../SuneelTDKit`)

SPEC REPOS:
  trunk:
    - DropDown
    - LTSupportAutomotive

EXTERNAL SOURCES:
  SuneelTDKit:
    :path: "../SuneelTDKit"

SPEC CHECKSUMS:
  DropDown: 8a2116376c1981888557f72ec2ffc9a5e0e456ec
  LTSupportAutomotive: 890393b6f13ad95c24195e38b3160f7a04a06fd5
  SuneelTDKit: ce1f98d84c8b794bfb9ade23eb4b032c281b5046

PODFILE CHECKSUM: 6521626bfd14813c6ce4bd6f41ab2a5fd59485d4

COCOAPODS: 1.11.2
