PODS:
  - DropDown (2.3.13)
  - LTSupportAutomotive (1.0)

DEPENDENCIES:
  - DropDown
  - LTSupportAutomotive (~> 1.0)

SPEC REPOS:
  trunk:
    - DropDown
    - LTSupportAutomotive

SPEC CHECKSUMS:
  DropDown: 8a2116376c1981888557f72ec2ffc9a5e0e456ec
  LTSupportAutomotive: 890393b6f13ad95c24195e38b3160f7a04a06fd5

PODFILE CHECKSUM: cb14badb5ad5c38a47791301b17c74a9a17400ca

COCOAPODS: 1.11.2
